
Microsoft Visual Studio Solution File, Format Version 12.00
# Visual Studio 2012
Project("{8BC9CEB8-8B4A-11D0-8D11-00A0C91BC942}") = "BitBoard", "BitBoard\BitBoard.vcxproj", "{35BFAF91-89F9-46AA-B25C-8CB3FED96483}"
EndProject
Project("{8BC9CEB8-8B4A-11D0-8D11-00A0C91BC942}") = "ConsoleTester", "ConsoleTester\ConsoleTester.vcxproj", "{3F562C22-5367-48BE-B771-712147E7D5CB}"
	ProjectSection(ProjectDependencies) = postProject
		{A68ABA3C-EB42-4BAD-B772-776258F819EE} = {A68ABA3C-EB42-4BAD-B772-776258F819EE}
		{8C692F51-E200-40E9-94C8-011134113988} = {8C692F51-E200-40E9-94C8-011134113988}
		{35BFAF91-89F9-46AA-B25C-8CB3FED96483} = {35BFAF91-89F9-46AA-B25C-8CB3FED96483}
	EndProjectSection
EndProject
Project("{8BC9CEB8-8B4A-11D0-8D11-00A0C91BC942}") = "ConsoleDriver", "ConsoleDriver\ConsoleDriver.vcxproj", "{23015C45-D515-4633-97DE-5F2214E704DA}"
	ProjectSection(ProjectDependencies) = postProject
		{A68ABA3C-EB42-4BAD-B772-776258F819EE} = {A68ABA3C-EB42-4BAD-B772-776258F819EE}
		{8C692F51-E200-40E9-94C8-011134113988} = {8C692F51-E200-40E9-94C8-011134113988}
		{35BFAF91-89F9-46AA-B25C-8CB3FED96483} = {35BFAF91-89F9-46AA-B25C-8CB3FED96483}
	EndProjectSection
EndProject
Project("{FAE04EC0-301F-11D3-BF4B-00C04F79EFBC}") = "TestGUI", "TestGUI\TestGUI.csproj", "{6DF3A2CB-4858-4113-8EED-E8A5D5E50275}"
EndProject
Project("{8BC9CEB8-8B4A-11D0-8D11-00A0C91BC942}") = "ConsoleDriver9", "ConsoleDriver9\ConsoleDriver9.vcxproj", "{ADE935B8-99D6-4F42-B7E1-AA3D729D8283}"
	ProjectSection(ProjectDependencies) = postProject
		{A68ABA3C-EB42-4BAD-B772-776258F819EE} = {A68ABA3C-EB42-4BAD-B772-776258F819EE}
		{8C692F51-E200-40E9-94C8-011134113988} = {8C692F51-E200-40E9-94C8-011134113988}
		{35BFAF91-89F9-46AA-B25C-8CB3FED96483} = {35BFAF91-89F9-46AA-B25C-8CB3FED96483}
	EndProjectSection
EndProject
Project("{8BC9CEB8-8B4A-11D0-8D11-00A0C91BC942}") = "Player", "Player\Player.vcxproj", "{A68ABA3C-EB42-4BAD-B772-776258F819EE}"
	ProjectSection(ProjectDependencies) = postProject
		{35BFAF91-89F9-46AA-B25C-8CB3FED96483} = {35BFAF91-89F9-46AA-B25C-8CB3FED96483}
	EndProjectSection
EndProject
Project("{8BC9CEB8-8B4A-11D0-8D11-00A0C91BC942}") = "Game", "Game\Game.vcxproj", "{8C692F51-E200-40E9-94C8-011134113988}"
	ProjectSection(ProjectDependencies) = postProject
		{A68ABA3C-EB42-4BAD-B772-776258F819EE} = {A68ABA3C-EB42-4BAD-B772-776258F819EE}
		{35BFAF91-89F9-46AA-B25C-8CB3FED96483} = {35BFAF91-89F9-46AA-B25C-8CB3FED96483}
	EndProjectSection
EndProject
Global
	GlobalSection(SolutionConfigurationPlatforms) = preSolution
		Debug|Any CPU = Debug|Any CPU
		Debug|Mixed Platforms = Debug|Mixed Platforms
		Debug|Win32 = Debug|Win32
		Debug|x64 = Debug|x64
		Debug|x86 = Debug|x86
		Release|Any CPU = Release|Any CPU
		Release|Mixed Platforms = Release|Mixed Platforms
		Release|Win32 = Release|Win32
		Release|x64 = Release|x64
		Release|x86 = Release|x86
	EndGlobalSection
	GlobalSection(ProjectConfigurationPlatforms) = postSolution
		{35BFAF91-89F9-46AA-B25C-8CB3FED96483}.Debug|Any CPU.ActiveCfg = Debug|Win32
		{35BFAF91-89F9-46AA-B25C-8CB3FED96483}.Debug|Mixed Platforms.ActiveCfg = Debug|Win32
		{35BFAF91-89F9-46AA-B25C-8CB3FED96483}.Debug|Mixed Platforms.Build.0 = Debug|Win32
		{35BFAF91-89F9-46AA-B25C-8CB3FED96483}.Debug|Win32.ActiveCfg = Debug|Win32
		{35BFAF91-89F9-46AA-B25C-8CB3FED96483}.Debug|Win32.Build.0 = Debug|Win32
		{35BFAF91-89F9-46AA-B25C-8CB3FED96483}.Debug|x64.ActiveCfg = Debug|x64
		{35BFAF91-89F9-46AA-B25C-8CB3FED96483}.Debug|x64.Build.0 = Debug|x64
		{35BFAF91-89F9-46AA-B25C-8CB3FED96483}.Debug|x86.ActiveCfg = Debug|Win32
		{35BFAF91-89F9-46AA-B25C-8CB3FED96483}.Debug|x86.Build.0 = Debug|Win32
		{35BFAF91-89F9-46AA-B25C-8CB3FED96483}.Release|Any CPU.ActiveCfg = Release|Win32
		{35BFAF91-89F9-46AA-B25C-8CB3FED96483}.Release|Mixed Platforms.ActiveCfg = Release|x64
		{35BFAF91-89F9-46AA-B25C-8CB3FED96483}.Release|Mixed Platforms.Build.0 = Release|x64
		{35BFAF91-89F9-46AA-B25C-8CB3FED96483}.Release|Win32.ActiveCfg = Release|Win32
		{35BFAF91-89F9-46AA-B25C-8CB3FED96483}.Release|Win32.Build.0 = Release|Win32
		{35BFAF91-89F9-46AA-B25C-8CB3FED96483}.Release|x64.ActiveCfg = Release|x64
		{35BFAF91-89F9-46AA-B25C-8CB3FED96483}.Release|x64.Build.0 = Release|x64
		{35BFAF91-89F9-46AA-B25C-8CB3FED96483}.Release|x86.ActiveCfg = Release|Win32
		{35BFAF91-89F9-46AA-B25C-8CB3FED96483}.Release|x86.Build.0 = Release|Win32
		{3F562C22-5367-48BE-B771-712147E7D5CB}.Debug|Any CPU.ActiveCfg = Debug|Win32
		{3F562C22-5367-48BE-B771-712147E7D5CB}.Debug|Mixed Platforms.ActiveCfg = Debug|Win32
		{3F562C22-5367-48BE-B771-712147E7D5CB}.Debug|Mixed Platforms.Build.0 = Debug|Win32
		{3F562C22-5367-48BE-B771-712147E7D5CB}.Debug|Win32.ActiveCfg = Debug|Win32
		{3F562C22-5367-48BE-B771-712147E7D5CB}.Debug|Win32.Build.0 = Debug|Win32
		{3F562C22-5367-48BE-B771-712147E7D5CB}.Debug|x64.ActiveCfg = Debug|x64
		{3F562C22-5367-48BE-B771-712147E7D5CB}.Debug|x64.Build.0 = Debug|x64
		{3F562C22-5367-48BE-B771-712147E7D5CB}.Debug|x86.ActiveCfg = Debug|Win32
		{3F562C22-5367-48BE-B771-712147E7D5CB}.Debug|x86.Build.0 = Debug|Win32
		{3F562C22-5367-48BE-B771-712147E7D5CB}.Release|Any CPU.ActiveCfg = Release|Win32
		{3F562C22-5367-48BE-B771-712147E7D5CB}.Release|Mixed Platforms.ActiveCfg = Release|x64
		{3F562C22-5367-48BE-B771-712147E7D5CB}.Release|Mixed Platforms.Build.0 = Release|x64
		{3F562C22-5367-48BE-B771-712147E7D5CB}.Release|Win32.ActiveCfg = Release|Win32
		{3F562C22-5367-48BE-B771-712147E7D5CB}.Release|Win32.Build.0 = Release|Win32
		{3F562C22-5367-48BE-B771-712147E7D5CB}.Release|x64.ActiveCfg = Release|x64
		{3F562C22-5367-48BE-B771-712147E7D5CB}.Release|x64.Build.0 = Release|x64
		{3F562C22-5367-48BE-B771-712147E7D5CB}.Release|x86.ActiveCfg = Release|Win32
		{3F562C22-5367-48BE-B771-712147E7D5CB}.Release|x86.Build.0 = Release|Win32
		{23015C45-D515-4633-97DE-5F2214E704DA}.Debug|Any CPU.ActiveCfg = Debug|Win32
		{23015C45-D515-4633-97DE-5F2214E704DA}.Debug|Mixed Platforms.ActiveCfg = Debug|Win32
		{23015C45-D515-4633-97DE-5F2214E704DA}.Debug|Mixed Platforms.Build.0 = Debug|Win32
		{23015C45-D515-4633-97DE-5F2214E704DA}.Debug|Win32.ActiveCfg = Debug|Win32
		{23015C45-D515-4633-97DE-5F2214E704DA}.Debug|Win32.Build.0 = Debug|Win32
		{23015C45-D515-4633-97DE-5F2214E704DA}.Debug|x64.ActiveCfg = Debug|x64
		{23015C45-D515-4633-97DE-5F2214E704DA}.Debug|x64.Build.0 = Debug|x64
		{23015C45-D515-4633-97DE-5F2214E704DA}.Debug|x86.ActiveCfg = Debug|Win32
		{23015C45-D515-4633-97DE-5F2214E704DA}.Debug|x86.Build.0 = Debug|Win32
		{23015C45-D515-4633-97DE-5F2214E704DA}.Release|Any CPU.ActiveCfg = Release|Win32
		{23015C45-D515-4633-97DE-5F2214E704DA}.Release|Mixed Platforms.ActiveCfg = Release|Win32
		{23015C45-D515-4633-97DE-5F2214E704DA}.Release|Mixed Platforms.Build.0 = Release|Win32
		{23015C45-D515-4633-97DE-5F2214E704DA}.Release|Win32.ActiveCfg = Release|Win32
		{23015C45-D515-4633-97DE-5F2214E704DA}.Release|Win32.Build.0 = Release|Win32
		{23015C45-D515-4633-97DE-5F2214E704DA}.Release|x64.ActiveCfg = Release|x64
		{23015C45-D515-4633-97DE-5F2214E704DA}.Release|x64.Build.0 = Release|x64
		{23015C45-D515-4633-97DE-5F2214E704DA}.Release|x86.ActiveCfg = Release|Win32
		{23015C45-D515-4633-97DE-5F2214E704DA}.Release|x86.Build.0 = Release|Win32
		{6DF3A2CB-4858-4113-8EED-E8A5D5E50275}.Debug|Any CPU.ActiveCfg = Debug|Any CPU
		{6DF3A2CB-4858-4113-8EED-E8A5D5E50275}.Debug|Any CPU.Build.0 = Debug|Any CPU
		{6DF3A2CB-4858-4113-8EED-E8A5D5E50275}.Debug|Mixed Platforms.ActiveCfg = Debug|Any CPU
		{6DF3A2CB-4858-4113-8EED-E8A5D5E50275}.Debug|Mixed Platforms.Build.0 = Debug|Any CPU
		{6DF3A2CB-4858-4113-8EED-E8A5D5E50275}.Debug|Win32.ActiveCfg = Debug|Any CPU
		{6DF3A2CB-4858-4113-8EED-E8A5D5E50275}.Debug|x64.ActiveCfg = Debug|Any CPU
		{6DF3A2CB-4858-4113-8EED-E8A5D5E50275}.Debug|x64.Build.0 = Debug|Any CPU
		{6DF3A2CB-4858-4113-8EED-E8A5D5E50275}.Debug|x86.ActiveCfg = Debug|Any CPU
		{6DF3A2CB-4858-4113-8EED-E8A5D5E50275}.Release|Any CPU.ActiveCfg = Release|Any CPU
		{6DF3A2CB-4858-4113-8EED-E8A5D5E50275}.Release|Any CPU.Build.0 = Release|Any CPU
		{6DF3A2CB-4858-4113-8EED-E8A5D5E50275}.Release|Mixed Platforms.ActiveCfg = Release|Any CPU
		{6DF3A2CB-4858-4113-8EED-E8A5D5E50275}.Release|Mixed Platforms.Build.0 = Release|Any CPU
		{6DF3A2CB-4858-4113-8EED-E8A5D5E50275}.Release|Win32.ActiveCfg = Release|Any CPU
		{6DF3A2CB-4858-4113-8EED-E8A5D5E50275}.Release|x64.ActiveCfg = Release|Any CPU
		{6DF3A2CB-4858-4113-8EED-E8A5D5E50275}.Release|x64.Build.0 = Release|Any CPU
		{6DF3A2CB-4858-4113-8EED-E8A5D5E50275}.Release|x86.ActiveCfg = Release|Any CPU
		{ADE935B8-99D6-4F42-B7E1-AA3D729D8283}.Debug|Any CPU.ActiveCfg = Debug|Win32
		{ADE935B8-99D6-4F42-B7E1-AA3D729D8283}.Debug|Mixed Platforms.ActiveCfg = Debug|Win32
		{ADE935B8-99D6-4F42-B7E1-AA3D729D8283}.Debug|Mixed Platforms.Build.0 = Debug|Win32
		{ADE935B8-99D6-4F42-B7E1-AA3D729D8283}.Debug|Win32.ActiveCfg = Debug|Win32
		{ADE935B8-99D6-4F42-B7E1-AA3D729D8283}.Debug|Win32.Build.0 = Debug|Win32
		{ADE935B8-99D6-4F42-B7E1-AA3D729D8283}.Debug|x64.ActiveCfg = Debug|x64
		{ADE935B8-99D6-4F42-B7E1-AA3D729D8283}.Debug|x64.Build.0 = Debug|x64
		{ADE935B8-99D6-4F42-B7E1-AA3D729D8283}.Debug|x86.ActiveCfg = Debug|Win32
		{ADE935B8-99D6-4F42-B7E1-AA3D729D8283}.Debug|x86.Build.0 = Debug|Win32
		{ADE935B8-99D6-4F42-B7E1-AA3D729D8283}.Release|Any CPU.ActiveCfg = Release|Win32
		{ADE935B8-99D6-4F42-B7E1-AA3D729D8283}.Release|Mixed Platforms.ActiveCfg = Release|Win32
		{ADE935B8-99D6-4F42-B7E1-AA3D729D8283}.Release|Mixed Platforms.Build.0 = Release|Win32
		{ADE935B8-99D6-4F42-B7E1-AA3D729D8283}.Release|Win32.ActiveCfg = Release|Win32
		{ADE935B8-99D6-4F42-B7E1-AA3D729D8283}.Release|Win32.Build.0 = Release|Win32
		{ADE935B8-99D6-4F42-B7E1-AA3D729D8283}.Release|x64.ActiveCfg = Release|x64
		{ADE935B8-99D6-4F42-B7E1-AA3D729D8283}.Release|x64.Build.0 = Release|x64
		{ADE935B8-99D6-4F42-B7E1-AA3D729D8283}.Release|x86.ActiveCfg = Release|Win32
		{ADE935B8-99D6-4F42-B7E1-AA3D729D8283}.Release|x86.Build.0 = Release|Win32
		{A68ABA3C-EB42-4BAD-B772-776258F819EE}.Debug|Any CPU.ActiveCfg = Debug|Win32
		{A68ABA3C-EB42-4BAD-B772-776258F819EE}.Debug|Mixed Platforms.ActiveCfg = Debug|Win32
		{A68ABA3C-EB42-4BAD-B772-776258F819EE}.Debug|Mixed Platforms.Build.0 = Debug|Win32
		{A68ABA3C-EB42-4BAD-B772-776258F819EE}.Debug|Win32.ActiveCfg = Debug|Win32
		{A68ABA3C-EB42-4BAD-B772-776258F819EE}.Debug|Win32.Build.0 = Debug|Win32
		{A68ABA3C-EB42-4BAD-B772-776258F819EE}.Debug|x64.ActiveCfg = Debug|x64
		{A68ABA3C-EB42-4BAD-B772-776258F819EE}.Debug|x64.Build.0 = Debug|x64
		{A68ABA3C-EB42-4BAD-B772-776258F819EE}.Debug|x86.ActiveCfg = Debug|Win32
		{A68ABA3C-EB42-4BAD-B772-776258F819EE}.Debug|x86.Build.0 = Debug|Win32
		{A68ABA3C-EB42-4BAD-B772-776258F819EE}.Release|Any CPU.ActiveCfg = Release|Win32
		{A68ABA3C-EB42-4BAD-B772-776258F819EE}.Release|Mixed Platforms.ActiveCfg = Release|Win32
		{A68ABA3C-EB42-4BAD-B772-776258F819EE}.Release|Mixed Platforms.Build.0 = Release|Win32
		{A68ABA3C-EB42-4BAD-B772-776258F819EE}.Release|Win32.ActiveCfg = Release|Win32
		{A68ABA3C-EB42-4BAD-B772-776258F819EE}.Release|Win32.Build.0 = Release|Win32
		{A68ABA3C-EB42-4BAD-B772-776258F819EE}.Release|x64.ActiveCfg = Release|x64
		{A68ABA3C-EB42-4BAD-B772-776258F819EE}.Release|x64.Build.0 = Release|x64
		{A68ABA3C-EB42-4BAD-B772-776258F819EE}.Release|x86.ActiveCfg = Release|Win32
		{A68ABA3C-EB42-4BAD-B772-776258F819EE}.Release|x86.Build.0 = Release|Win32
		{8C692F51-E200-40E9-94C8-011134113988}.Debug|Any CPU.ActiveCfg = Debug|Win32
		{8C692F51-E200-40E9-94C8-011134113988}.Debug|Mixed Platforms.ActiveCfg = Debug|Win32
		{8C692F51-E200-40E9-94C8-011134113988}.Debug|Mixed Platforms.Build.0 = Debug|Win32
		{8C692F51-E200-40E9-94C8-011134113988}.Debug|Win32.ActiveCfg = Debug|Win32
		{8C692F51-E200-40E9-94C8-011134113988}.Debug|Win32.Build.0 = Debug|Win32
		{8C692F51-E200-40E9-94C8-011134113988}.Debug|x64.ActiveCfg = Debug|x64
		{8C692F51-E200-40E9-94C8-011134113988}.Debug|x64.Build.0 = Debug|x64
		{8C692F51-E200-40E9-94C8-011134113988}.Debug|x86.ActiveCfg = Debug|Win32
		{8C692F51-E200-40E9-94C8-011134113988}.Debug|x86.Build.0 = Debug|Win32
		{8C692F51-E200-40E9-94C8-011134113988}.Release|Any CPU.ActiveCfg = Release|Win32
		{8C692F51-E200-40E9-94C8-011134113988}.Release|Mixed Platforms.ActiveCfg = Release|Win32
		{8C692F51-E200-40E9-94C8-011134113988}.Release|Mixed Platforms.Build.0 = Release|Win32
		{8C692F51-E200-40E9-94C8-011134113988}.Release|Win32.ActiveCfg = Release|Win32
		{8C692F51-E200-40E9-94C8-011134113988}.Release|Win32.Build.0 = Release|Win32
		{8C692F51-E200-40E9-94C8-011134113988}.Release|x64.ActiveCfg = Release|x64
		{8C692F51-E200-40E9-94C8-011134113988}.Release|x64.Build.0 = Release|x64
		{8C692F51-E200-40E9-94C8-011134113988}.Release|x86.ActiveCfg = Release|Win32
		{8C692F51-E200-40E9-94C8-011134113988}.Release|x86.Build.0 = Release|Win32
	EndGlobalSection
	GlobalSection(SolutionProperties) = preSolution
		HideSolutionNode = FALSE
	EndGlobalSection
	GlobalSection(Performance) = preSolution
		HasPerformanceSessions = true
	EndGlobalSection
EndGlobal
